
Microsoft Visual Studio Solution File, Format Version 12.00
# Visual Studio Version 17
VisualStudioVersion = 17.1.32328.378
MinimumVisualStudioVersion = 10.0.40219.1
Project("{FAE04EC0-301F-11D3-BF4B-00C04F79EFBC}") = "ITMO2022_ADO.NET_Lab1-2", "ITMO2022_ADO.NET_Lab1-2\ITMO2022_ADO.NET_Lab1-2.csproj", "{5A2B8E7E-2665-4A6A-9FD1-6472291D1DC5}"
EndProject
Project("{FAE04EC0-301F-11D3-BF4B-00C04F79EFBC}") = "ITMO2022_ADO.NET_Lab4Ex1", "ITMO2022_ADO.NET_Lab4Ex1\ITMO2022_ADO.NET_Lab4Ex1.csproj", "{EE801EAC-D063-410E-8E4D-689F4374817B}"
EndProject
Project("{FAE04EC0-301F-11D3-BF4B-00C04F79EFBC}") = "ITMO2022_ADO.NET_Lab4Ex2", "ITMO2022_ADO.NET_Lab4Ex2\ITMO2022_ADO.NET_Lab4Ex2.csproj", "{DC003B62-C5E2-448B-9224-83F119B27B9C}"
EndProject
Project("{FAE04EC0-301F-11D3-BF4B-00C04F79EFBC}") = "ITMO2022_ADO.NET_Lab4Ex3", "ITMO2022_ADO.NET_Lab4Ex3\ITMO2022_ADO.NET_Lab4Ex3.csproj", "{AC837B1C-63B9-448C-8D8A-FC055E94FE04}"
EndProject
Project("{FAE04EC0-301F-11D3-BF4B-00C04F79EFBC}") = "ITMO2022_ADO.NET_Lab4Ex4", "ITMO2022_ADO.NET_Lab4Ex4\ITMO2022_ADO.NET_Lab4Ex4.csproj", "{4B268271-9B5A-4B55-93E5-24E5633C823F}"
EndProject
Project("{FAE04EC0-301F-11D3-BF4B-00C04F79EFBC}") = "ITMO2022_ADO.NET_Lab4Ex5", "ITMO2022_ADO.NET_Lab4Ex5\ITMO2022_ADO.NET_Lab4Ex5.csproj", "{262E1907-D7D4-4FAA-956F-80C4EA56335F}"
EndProject
Project("{FAE04EC0-301F-11D3-BF4B-00C04F79EFBC}") = "ITMO2022_ADO.NET_Lab4Ex6", "ITMO2022_ADO.NET_Lab4Ex6\ITMO2022_ADO.NET_Lab4Ex6.csproj", "{990E2B9B-D3B2-4C16-9D37-3997B1D0E841}"
EndProject
Project("{FAE04EC0-301F-11D3-BF4B-00C04F79EFBC}") = "ITMO2022_ADO.NET_FinalProject", "ITMO2022_ADO.NET_FinalProject\ITMO2022_ADO.NET_FinalProject.csproj", "{E6428182-04D9-4919-A815-501137440A4E}"
EndProject
Global
	GlobalSection(SolutionConfigurationPlatforms) = preSolution
		Debug|Any CPU = Debug|Any CPU
		Release|Any CPU = Release|Any CPU
	EndGlobalSection
	GlobalSection(ProjectConfigurationPlatforms) = postSolution
		{5A2B8E7E-2665-4A6A-9FD1-6472291D1DC5}.Debug|Any CPU.ActiveCfg = Debug|Any CPU
		{5A2B8E7E-2665-4A6A-9FD1-6472291D1DC5}.Debug|Any CPU.Build.0 = Debug|Any CPU
		{5A2B8E7E-2665-4A6A-9FD1-6472291D1DC5}.Release|Any CPU.ActiveCfg = Release|Any CPU
		{5A2B8E7E-2665-4A6A-9FD1-6472291D1DC5}.Release|Any CPU.Build.0 = Release|Any CPU
		{EE801EAC-D063-410E-8E4D-689F4374817B}.Debug|Any CPU.ActiveCfg = Debug|Any CPU
		{EE801EAC-D063-410E-8E4D-689F4374817B}.Debug|Any CPU.Build.0 = Debug|Any CPU
		{EE801EAC-D063-410E-8E4D-689F4374817B}.Release|Any CPU.ActiveCfg = Release|Any CPU
		{EE801EAC-D063-410E-8E4D-689F4374817B}.Release|Any CPU.Build.0 = Release|Any CPU
		{DC003B62-C5E2-448B-9224-83F119B27B9C}.Debug|Any CPU.ActiveCfg = Debug|Any CPU
		{DC003B62-C5E2-448B-9224-83F119B27B9C}.Debug|Any CPU.Build.0 = Debug|Any CPU
		{DC003B62-C5E2-448B-9224-83F119B27B9C}.Release|Any CPU.ActiveCfg = Release|Any CPU
		{DC003B62-C5E2-448B-9224-83F119B27B9C}.Release|Any CPU.Build.0 = Release|Any CPU
		{AC837B1C-63B9-448C-8D8A-FC055E94FE04}.Debug|Any CPU.ActiveCfg = Debug|Any CPU
		{AC837B1C-63B9-448C-8D8A-FC055E94FE04}.Debug|Any CPU.Build.0 = Debug|Any CPU
		{AC837B1C-63B9-448C-8D8A-FC055E94FE04}.Release|Any CPU.ActiveCfg = Release|Any CPU
		{AC837B1C-63B9-448C-8D8A-FC055E94FE04}.Release|Any CPU.Build.0 = Release|Any CPU
		{4B268271-9B5A-4B55-93E5-24E5633C823F}.Debug|Any CPU.ActiveCfg = Debug|Any CPU
		{4B268271-9B5A-4B55-93E5-24E5633C823F}.Debug|Any CPU.Build.0 = Debug|Any CPU
		{4B268271-9B5A-4B55-93E5-24E5633C823F}.Release|Any CPU.ActiveCfg = Release|Any CPU
		{4B268271-9B5A-4B55-93E5-24E5633C823F}.Release|Any CPU.Build.0 = Release|Any CPU
		{262E1907-D7D4-4FAA-956F-80C4EA56335F}.Debug|Any CPU.ActiveCfg = Debug|Any CPU
		{262E1907-D7D4-4FAA-956F-80C4EA56335F}.Debug|Any CPU.Build.0 = Debug|Any CPU
		{262E1907-D7D4-4FAA-956F-80C4EA56335F}.Release|Any CPU.ActiveCfg = Release|Any CPU
		{262E1907-D7D4-4FAA-956F-80C4EA56335F}.Release|Any CPU.Build.0 = Release|Any CPU
		{990E2B9B-D3B2-4C16-9D37-3997B1D0E841}.Debug|Any CPU.ActiveCfg = Debug|Any CPU
		{990E2B9B-D3B2-4C16-9D37-3997B1D0E841}.Debug|Any CPU.Build.0 = Debug|Any CPU
		{990E2B9B-D3B2-4C16-9D37-3997B1D0E841}.Release|Any CPU.ActiveCfg = Release|Any CPU
		{990E2B9B-D3B2-4C16-9D37-3997B1D0E841}.Release|Any CPU.Build.0 = Release|Any CPU
		{E6428182-04D9-4919-A815-501137440A4E}.Debug|Any CPU.ActiveCfg = Debug|Any CPU
		{E6428182-04D9-4919-A815-501137440A4E}.Debug|Any CPU.Build.0 = Debug|Any CPU
		{E6428182-04D9-4919-A815-501137440A4E}.Release|Any CPU.ActiveCfg = Release|Any CPU
		{E6428182-04D9-4919-A815-501137440A4E}.Release|Any CPU.Build.0 = Release|Any CPU
	EndGlobalSection
	GlobalSection(SolutionProperties) = preSolution
		HideSolutionNode = FALSE
	EndGlobalSection
	GlobalSection(ExtensibilityGlobals) = postSolution
		SolutionGuid = {3A6F23FF-BE8E-465E-ADDC-23E710F0B5C4}
	EndGlobalSection
EndGlobal
